
Microsoft Visual Studio Solution File, Format Version 12.00
# Visual Studio Version 16
VisualStudioVersion = 16.0.31624.102
MinimumVisualStudioVersion = 10.0.40219.1
Project("{FAE04EC0-301F-11D3-BF4B-00C04F79EFBC}") = "(1.1)PuntoDeVenta", "(1.1)PuntoDeVenta\(1.1)PuntoDeVenta.csproj", "{7BF2478C-E5CE-4BA4-94D2-B0B516611482}"
EndProject
Global
	GlobalSection(SolutionConfigurationPlatforms) = preSolution
		Debug|Any CPU = Debug|Any CPU
		Release|Any CPU = Release|Any CPU
	EndGlobalSection
	GlobalSection(ProjectConfigurationPlatforms) = postSolution
		{7BF2478C-E5CE-4BA4-94D2-B0B516611482}.Debug|Any CPU.ActiveCfg = Debug|Any CPU
		{7BF2478C-E5CE-4BA4-94D2-B0B516611482}.Debug|Any CPU.Build.0 = Debug|Any CPU
		{7BF2478C-E5CE-4BA4-94D2-B0B516611482}.Release|Any CPU.ActiveCfg = Release|Any CPU
		{7BF2478C-E5CE-4BA4-94D2-B0B516611482}.Release|Any CPU.Build.0 = Release|Any CPU
	EndGlobalSection
	GlobalSection(SolutionProperties) = preSolution
		HideSolutionNode = FALSE
	EndGlobalSection
	GlobalSection(ExtensibilityGlobals) = postSolution
		SolutionGuid = {C0FF5F31-480D-48FE-9E07-EF7B59C702AF}
	EndGlobalSection
EndGlobal
